
Microsoft Visual Studio Solution File, Format Version 12.00
# Visual Studio Version 17
VisualStudioVersion = 17.13.35931.197
MinimumVisualStudioVersion = 10.0.40219.1
Project("{FAE04EC0-301F-11D3-BF4B-00C04F79EFBC}") = "Lab 1", "Lab 1\Lab 1.csproj", "{EDDABBB9-D30D-4E81-B408-37EFABCB1B56}"
EndProject
Project("{FAE04EC0-301F-11D3-BF4B-00C04F79EFBC}") = "Lab 1 UnitTests", "Lab 1 UnitTests\Lab 1 UnitTests.csproj", "{31D02538-C000-44CC-8083-74CB3A6E4235}"
EndProject
Global
	GlobalSection(SolutionConfigurationPlatforms) = preSolution
		Debug|Any CPU = Debug|Any CPU
		Release|Any CPU = Release|Any CPU
	EndGlobalSection
	GlobalSection(ProjectConfigurationPlatforms) = postSolution
		{EDDABBB9-D30D-4E81-B408-37EFABCB1B56}.Debug|Any CPU.ActiveCfg = Debug|Any CPU
		{EDDABBB9-D30D-4E81-B408-37EFABCB1B56}.Debug|Any CPU.Build.0 = Debug|Any CPU
		{EDDABBB9-D30D-4E81-B408-37EFABCB1B56}.Release|Any CPU.ActiveCfg = Release|Any CPU
		{EDDABBB9-D30D-4E81-B408-37EFABCB1B56}.Release|Any CPU.Build.0 = Release|Any CPU
		{31D02538-C000-44CC-8083-74CB3A6E4235}.Debug|Any CPU.ActiveCfg = Debug|Any CPU
		{31D02538-C000-44CC-8083-74CB3A6E4235}.Debug|Any CPU.Build.0 = Debug|Any CPU
		{31D02538-C000-44CC-8083-74CB3A6E4235}.Release|Any CPU.ActiveCfg = Release|Any CPU
		{31D02538-C000-44CC-8083-74CB3A6E4235}.Release|Any CPU.Build.0 = Release|Any CPU
	EndGlobalSection
	GlobalSection(SolutionProperties) = preSolution
		HideSolutionNode = FALSE
	EndGlobalSection
	GlobalSection(ExtensibilityGlobals) = postSolution
		SolutionGuid = {B6E9DC69-2881-4A7C-81FA-78119610367A}
	EndGlobalSection
EndGlobal
